
Microsoft Visual Studio Solution File, Format Version 12.00
# Visual Studio Version 17
VisualStudioVersion = 17.2.32616.157
MinimumVisualStudioVersion = 10.0.40219.1
Project("{FAE04EC0-301F-11D3-BF4B-00C04F79EFBC}") = "apiPeliculas", "apiPeliculas\apiPeliculas.csproj", "{EE48D3E8-70C1-493E-A5ED-C3894322CE13}"
EndProject
Global
	GlobalSection(SolutionConfigurationPlatforms) = preSolution
		Debug|Any CPU = Debug|Any CPU
		Release|Any CPU = Release|Any CPU
	EndGlobalSection
	GlobalSection(ProjectConfigurationPlatforms) = postSolution
		{EE48D3E8-70C1-493E-A5ED-C3894322CE13}.Debug|Any CPU.ActiveCfg = Debug|Any CPU
		{EE48D3E8-70C1-493E-A5ED-C3894322CE13}.Debug|Any CPU.Build.0 = Debug|Any CPU
		{EE48D3E8-70C1-493E-A5ED-C3894322CE13}.Release|Any CPU.ActiveCfg = Release|Any CPU
		{EE48D3E8-70C1-493E-A5ED-C3894322CE13}.Release|Any CPU.Build.0 = Release|Any CPU
	EndGlobalSection
	GlobalSection(SolutionProperties) = preSolution
		HideSolutionNode = FALSE
	EndGlobalSection
	GlobalSection(ExtensibilityGlobals) = postSolution
		SolutionGuid = {0F39B567-BCC7-4441-B66D-F540A5484E29}
	EndGlobalSection
EndGlobal
